
Microsoft Visual Studio Solution File, Format Version 12.00
# Visual Studio 15
VisualStudioVersion = 15.0.27703.2026
MinimumVisualStudioVersion = 10.0.40219.1
Project("{8BC9CEB8-8B4A-11D0-8D11-00A0C91BC942}") = "ConsoleApplication", "ConsoleApplication\ConsoleApplication\ConsoleApplication.vcxproj", "{C13AAF9B-9A80-4C47-B3E9-2B9A631D7D0A}"
EndProject
Project("{888888A0-9F3D-457C-B088-3A5042F75D52}") = "PythonApplication", "..\PythonApplication\PythonApplication.pyproj", "{EB85A151-71C1-4212-AAA8-943250796C74}"
EndProject
Global
	GlobalSection(SolutionConfigurationPlatforms) = preSolution
		Debug|Any CPU = Debug|Any CPU
		Debug|x64 = Debug|x64
		Debug|x86 = Debug|x86
		Release|Any CPU = Release|Any CPU
		Release|x64 = Release|x64
		Release|x86 = Release|x86
	EndGlobalSection
	GlobalSection(ProjectConfigurationPlatforms) = postSolution
		{C13AAF9B-9A80-4C47-B3E9-2B9A631D7D0A}.Debug|Any CPU.ActiveCfg = Debug|Win32
		{C13AAF9B-9A80-4C47-B3E9-2B9A631D7D0A}.Debug|x64.ActiveCfg = Debug|x64
		{C13AAF9B-9A80-4C47-B3E9-2B9A631D7D0A}.Debug|x64.Build.0 = Debug|x64
		{C13AAF9B-9A80-4C47-B3E9-2B9A631D7D0A}.Debug|x86.ActiveCfg = Debug|Win32
		{C13AAF9B-9A80-4C47-B3E9-2B9A631D7D0A}.Debug|x86.Build.0 = Debug|Win32
		{C13AAF9B-9A80-4C47-B3E9-2B9A631D7D0A}.Release|Any CPU.ActiveCfg = Release|Win32
		{C13AAF9B-9A80-4C47-B3E9-2B9A631D7D0A}.Release|x64.ActiveCfg = Release|x64
		{C13AAF9B-9A80-4C47-B3E9-2B9A631D7D0A}.Release|x64.Build.0 = Release|x64
		{C13AAF9B-9A80-4C47-B3E9-2B9A631D7D0A}.Release|x86.ActiveCfg = Release|Win32
		{C13AAF9B-9A80-4C47-B3E9-2B9A631D7D0A}.Release|x86.Build.0 = Release|Win32
		{EB85A151-71C1-4212-AAA8-943250796C74}.Debug|Any CPU.ActiveCfg = Debug|Any CPU
		{EB85A151-71C1-4212-AAA8-943250796C74}.Debug|x64.ActiveCfg = Debug|Any CPU
		{EB85A151-71C1-4212-AAA8-943250796C74}.Debug|x86.ActiveCfg = Debug|Any CPU
		{EB85A151-71C1-4212-AAA8-943250796C74}.Release|Any CPU.ActiveCfg = Release|Any CPU
		{EB85A151-71C1-4212-AAA8-943250796C74}.Release|x64.ActiveCfg = Release|Any CPU
		{EB85A151-71C1-4212-AAA8-943250796C74}.Release|x86.ActiveCfg = Release|Any CPU
	EndGlobalSection
	GlobalSection(SolutionProperties) = preSolution
		HideSolutionNode = FALSE
	EndGlobalSection
	GlobalSection(ExtensibilityGlobals) = postSolution
		SolutionGuid = {44842567-8DBD-4676-8616-92AAED9709D2}
	EndGlobalSection
EndGlobal
