
Microsoft Visual Studio Solution File, Format Version 12.00
# Visual Studio 15
VisualStudioVersion = 15.0.27703.2026
MinimumVisualStudioVersion = 10.0.40219.1
Project("{8BC9CEB8-8B4A-11D0-8D11-00A0C91BC942}") = "ConsoleApplication", "ConsoleApplication\ConsoleApplication\ConsoleApplication.vcxproj", "{C13AAF9B-9A80-4C47-B3E9-2B9A631D7D0A}"
EndProject
Project("{8BC9CEB8-8B4A-11D0-8D11-00A0C91BC942}") = "HarrisConer", "HarrisConer\HarrisConer.vcxproj", "{73170D0C-CC38-4171-B913-AE6FA873F25A}"
EndProject
Project("{888888A0-9F3D-457C-B088-3A5042F75D52}") = "PythonApplication", "PythonApplication\PythonApplication.pyproj", "{EB85A151-71C1-4212-AAA8-943250796C74}"
EndProject
Project("{8BC9CEB8-8B4A-11D0-8D11-00A0C91BC942}") = "CppTrackTour", "CppTrackTour\CppTrackTour.vcxproj", "{E5B4837E-A960-43E1-B7FA-5719FA3CFDF6}"
EndProject
Project("{8BC9CEB8-8B4A-11D0-8D11-00A0C91BC942}") = "LinuxMainProgram", "LinuxMainProgram\LinuxMainProgram.vcxproj", "{71F56761-7894-46F1-934C-ADCFCFA107D0}"
EndProject
Global
	GlobalSection(SolutionConfigurationPlatforms) = preSolution
		Debug|Any CPU = Debug|Any CPU
		Debug|ARM = Debug|ARM
		Debug|x64 = Debug|x64
		Debug|x86 = Debug|x86
		Release|Any CPU = Release|Any CPU
		Release|ARM = Release|ARM
		Release|x64 = Release|x64
		Release|x86 = Release|x86
	EndGlobalSection
	GlobalSection(ProjectConfigurationPlatforms) = postSolution
		{C13AAF9B-9A80-4C47-B3E9-2B9A631D7D0A}.Debug|Any CPU.ActiveCfg = Debug|Win32
		{C13AAF9B-9A80-4C47-B3E9-2B9A631D7D0A}.Debug|ARM.ActiveCfg = Debug|Win32
		{C13AAF9B-9A80-4C47-B3E9-2B9A631D7D0A}.Debug|x64.ActiveCfg = Debug|x64
		{C13AAF9B-9A80-4C47-B3E9-2B9A631D7D0A}.Debug|x64.Build.0 = Debug|x64
		{C13AAF9B-9A80-4C47-B3E9-2B9A631D7D0A}.Debug|x86.ActiveCfg = Debug|Win32
		{C13AAF9B-9A80-4C47-B3E9-2B9A631D7D0A}.Debug|x86.Build.0 = Debug|Win32
		{C13AAF9B-9A80-4C47-B3E9-2B9A631D7D0A}.Release|Any CPU.ActiveCfg = Release|Win32
		{C13AAF9B-9A80-4C47-B3E9-2B9A631D7D0A}.Release|ARM.ActiveCfg = Release|Win32
		{C13AAF9B-9A80-4C47-B3E9-2B9A631D7D0A}.Release|x64.ActiveCfg = Release|x64
		{C13AAF9B-9A80-4C47-B3E9-2B9A631D7D0A}.Release|x64.Build.0 = Release|x64
		{C13AAF9B-9A80-4C47-B3E9-2B9A631D7D0A}.Release|x86.ActiveCfg = Release|Win32
		{C13AAF9B-9A80-4C47-B3E9-2B9A631D7D0A}.Release|x86.Build.0 = Release|Win32
		{73170D0C-CC38-4171-B913-AE6FA873F25A}.Debug|Any CPU.ActiveCfg = Debug|Win32
		{73170D0C-CC38-4171-B913-AE6FA873F25A}.Debug|ARM.ActiveCfg = Debug|Win32
		{73170D0C-CC38-4171-B913-AE6FA873F25A}.Debug|x64.ActiveCfg = Debug|x64
		{73170D0C-CC38-4171-B913-AE6FA873F25A}.Debug|x64.Build.0 = Debug|x64
		{73170D0C-CC38-4171-B913-AE6FA873F25A}.Debug|x86.ActiveCfg = Debug|Win32
		{73170D0C-CC38-4171-B913-AE6FA873F25A}.Debug|x86.Build.0 = Debug|Win32
		{73170D0C-CC38-4171-B913-AE6FA873F25A}.Release|Any CPU.ActiveCfg = Release|Win32
		{73170D0C-CC38-4171-B913-AE6FA873F25A}.Release|ARM.ActiveCfg = Release|Win32
		{73170D0C-CC38-4171-B913-AE6FA873F25A}.Release|x64.ActiveCfg = Release|x64
		{73170D0C-CC38-4171-B913-AE6FA873F25A}.Release|x64.Build.0 = Release|x64
		{73170D0C-CC38-4171-B913-AE6FA873F25A}.Release|x86.ActiveCfg = Release|Win32
		{73170D0C-CC38-4171-B913-AE6FA873F25A}.Release|x86.Build.0 = Release|Win32
		{EB85A151-71C1-4212-AAA8-943250796C74}.Debug|Any CPU.ActiveCfg = Debug|Any CPU
		{EB85A151-71C1-4212-AAA8-943250796C74}.Debug|ARM.ActiveCfg = Debug|Any CPU
		{EB85A151-71C1-4212-AAA8-943250796C74}.Debug|x64.ActiveCfg = Debug|Any CPU
		{EB85A151-71C1-4212-AAA8-943250796C74}.Debug|x86.ActiveCfg = Debug|Any CPU
		{EB85A151-71C1-4212-AAA8-943250796C74}.Release|Any CPU.ActiveCfg = Release|Any CPU
		{EB85A151-71C1-4212-AAA8-943250796C74}.Release|ARM.ActiveCfg = Release|Any CPU
		{EB85A151-71C1-4212-AAA8-943250796C74}.Release|x64.ActiveCfg = Release|Any CPU
		{EB85A151-71C1-4212-AAA8-943250796C74}.Release|x86.ActiveCfg = Release|Any CPU
		{E5B4837E-A960-43E1-B7FA-5719FA3CFDF6}.Debug|Any CPU.ActiveCfg = Debug|Win32
		{E5B4837E-A960-43E1-B7FA-5719FA3CFDF6}.Debug|ARM.ActiveCfg = Debug|Win32
		{E5B4837E-A960-43E1-B7FA-5719FA3CFDF6}.Debug|x64.ActiveCfg = Debug|x64
		{E5B4837E-A960-43E1-B7FA-5719FA3CFDF6}.Debug|x64.Build.0 = Debug|x64
		{E5B4837E-A960-43E1-B7FA-5719FA3CFDF6}.Debug|x86.ActiveCfg = Debug|Win32
		{E5B4837E-A960-43E1-B7FA-5719FA3CFDF6}.Debug|x86.Build.0 = Debug|Win32
		{E5B4837E-A960-43E1-B7FA-5719FA3CFDF6}.Release|Any CPU.ActiveCfg = Release|Win32
		{E5B4837E-A960-43E1-B7FA-5719FA3CFDF6}.Release|ARM.ActiveCfg = Release|Win32
		{E5B4837E-A960-43E1-B7FA-5719FA3CFDF6}.Release|x64.ActiveCfg = Release|x64
		{E5B4837E-A960-43E1-B7FA-5719FA3CFDF6}.Release|x64.Build.0 = Release|x64
		{E5B4837E-A960-43E1-B7FA-5719FA3CFDF6}.Release|x86.ActiveCfg = Release|Win32
		{E5B4837E-A960-43E1-B7FA-5719FA3CFDF6}.Release|x86.Build.0 = Release|Win32
		{71F56761-7894-46F1-934C-ADCFCFA107D0}.Debug|Any CPU.ActiveCfg = Debug|x86
		{71F56761-7894-46F1-934C-ADCFCFA107D0}.Debug|ARM.ActiveCfg = Debug|ARM
		{71F56761-7894-46F1-934C-ADCFCFA107D0}.Debug|ARM.Build.0 = Debug|ARM
		{71F56761-7894-46F1-934C-ADCFCFA107D0}.Debug|x64.ActiveCfg = Debug|x64
		{71F56761-7894-46F1-934C-ADCFCFA107D0}.Debug|x64.Build.0 = Debug|x64
		{71F56761-7894-46F1-934C-ADCFCFA107D0}.Debug|x86.ActiveCfg = Debug|x86
		{71F56761-7894-46F1-934C-ADCFCFA107D0}.Debug|x86.Build.0 = Debug|x86
		{71F56761-7894-46F1-934C-ADCFCFA107D0}.Release|Any CPU.ActiveCfg = Release|x86
		{71F56761-7894-46F1-934C-ADCFCFA107D0}.Release|ARM.ActiveCfg = Release|ARM
		{71F56761-7894-46F1-934C-ADCFCFA107D0}.Release|ARM.Build.0 = Release|ARM
		{71F56761-7894-46F1-934C-ADCFCFA107D0}.Release|x64.ActiveCfg = Release|x64
		{71F56761-7894-46F1-934C-ADCFCFA107D0}.Release|x64.Build.0 = Release|x64
		{71F56761-7894-46F1-934C-ADCFCFA107D0}.Release|x86.ActiveCfg = Release|x86
		{71F56761-7894-46F1-934C-ADCFCFA107D0}.Release|x86.Build.0 = Release|x86
	EndGlobalSection
	GlobalSection(SolutionProperties) = preSolution
		HideSolutionNode = FALSE
	EndGlobalSection
	GlobalSection(ExtensibilityGlobals) = postSolution
		SolutionGuid = {44842567-8DBD-4676-8616-92AAED9709D2}
	EndGlobalSection
EndGlobal
